
Microsoft Visual Studio Solution File, Format Version 12.00
# Visual Studio Version 17
VisualStudioVersion = 17.3.32901.215
MinimumVisualStudioVersion = 10.0.40219.1
Project("{8BC9CEB8-8B4A-11D0-8D11-00A0C91BC942}") = "Chapter 16 exer 8", "Chapter 16 exer 8\Chapter 16 exer 8.vcxproj", "{FDFAA30C-2875-4A95-9CFB-5AE7F08D7864}"
EndProject
Global
	GlobalSection(SolutionConfigurationPlatforms) = preSolution
		Debug|x64 = Debug|x64
		Debug|x86 = Debug|x86
		Release|x64 = Release|x64
		Release|x86 = Release|x86
	EndGlobalSection
	GlobalSection(ProjectConfigurationPlatforms) = postSolution
		{FDFAA30C-2875-4A95-9CFB-5AE7F08D7864}.Debug|x64.ActiveCfg = Debug|x64
		{FDFAA30C-2875-4A95-9CFB-5AE7F08D7864}.Debug|x64.Build.0 = Debug|x64
		{FDFAA30C-2875-4A95-9CFB-5AE7F08D7864}.Debug|x86.ActiveCfg = Debug|Win32
		{FDFAA30C-2875-4A95-9CFB-5AE7F08D7864}.Debug|x86.Build.0 = Debug|Win32
		{FDFAA30C-2875-4A95-9CFB-5AE7F08D7864}.Release|x64.ActiveCfg = Release|x64
		{FDFAA30C-2875-4A95-9CFB-5AE7F08D7864}.Release|x64.Build.0 = Release|x64
		{FDFAA30C-2875-4A95-9CFB-5AE7F08D7864}.Release|x86.ActiveCfg = Release|Win32
		{FDFAA30C-2875-4A95-9CFB-5AE7F08D7864}.Release|x86.Build.0 = Release|Win32
	EndGlobalSection
	GlobalSection(SolutionProperties) = preSolution
		HideSolutionNode = FALSE
	EndGlobalSection
	GlobalSection(ExtensibilityGlobals) = postSolution
		SolutionGuid = {FA5A6C69-6E92-400D-8E16-539C59412136}
	EndGlobalSection
EndGlobal
